// !$*UTF8*$!
{
	archiveVersion = 1;
	classes = {
	};
	objectVersion = 77;
	objects = {

/* Begin PBXBuildFile section */
		1142C6312E91B8AB0080C10C /* FirebaseCore in Frameworks */ = {isa = PBXBuildFile; productRef = 1142C6302E91B8AB0080C10C /* FirebaseCore */; };
		1142C6332E91B8AB0080C10C /* FirebaseFirestore in Frameworks */ = {isa = PBXBuildFile; productRef = 1142C6322E91B8AB0080C10C /* FirebaseFirestore */; };
		11A977892E906878009AC729 /* papyrusTestplan.xctestplan in Resources */ = {isa = PBXBuildFile; fileRef = 11A977882E906878009AC729 /* papyrusTestplan.xctestplan */; };
		11F5860F2E87130600084AEC /* Reader in Frameworks */ = {isa = PBXBuildFile; productRef = 11F5860E2E87130600084AEC /* Reader */; };
/* End PBXBuildFile section */

/* Begin PBXContainerItemProxy section */
		11F585EF2E870F5F00084AEC /* PBXContainerItemProxy */ = {
			isa = PBXContainerItemProxy;
			containerPortal = 11F585D52E870F5C00084AEC /* Project object */;
			proxyType = 1;
			remoteGlobalIDString = 11F585DC2E870F5C00084AEC;
			remoteInfo = papyrus;
		};
		11F585F92E870F5F00084AEC /* PBXContainerItemProxy */ = {
			isa = PBXContainerItemProxy;
			containerPortal = 11F585D52E870F5C00084AEC /* Project object */;
			proxyType = 1;
			remoteGlobalIDString = 11F585DC2E870F5C00084AEC;
			remoteInfo = papyrus;
		};
/* End PBXContainerItemProxy section */

/* Begin PBXFileReference section */
		11A977882E906878009AC729 /* papyrusTestplan.xctestplan */ = {isa = PBXFileReference; lastKnownFileType = text; path = papyrusTestplan.xctestplan; sourceTree = "<group>"; };
		11F585DD2E870F5D00084AEC /* papyrus.app */ = {isa = PBXFileReference; explicitFileType = wrapper.application; includeInIndex = 0; path = papyrus.app; sourceTree = BUILT_PRODUCTS_DIR; };
		11F585EE2E870F5F00084AEC /* papyrusTests.xctest */ = {isa = PBXFileReference; explicitFileType = wrapper.cfbundle; includeInIndex = 0; path = papyrusTests.xctest; sourceTree = BUILT_PRODUCTS_DIR; };
		11F585F82E870F5F00084AEC /* papyrusUITests.xctest */ = {isa = PBXFileReference; explicitFileType = wrapper.cfbundle; includeInIndex = 0; path = papyrusUITests.xctest; sourceTree = BUILT_PRODUCTS_DIR; };
/* End PBXFileReference section */

/* Begin PBXFileSystemSynchronizedBuildFileExceptionSet section */
		11F5860C2E87127A00084AEC /* Exceptions for "papyrus" folder in "papyrus" target */ = {
			isa = PBXFileSystemSynchronizedBuildFileExceptionSet;
			membershipExceptions = (
				Packages/SDIconsKit,
				Packages/SDNetworkCore,
				Packages/Settings,
				Packages/Subscription,
				Packages/TextGeneration,
			);
			target = 11F585DC2E870F5C00084AEC /* papyrus */;
		};
/* End PBXFileSystemSynchronizedBuildFileExceptionSet section */

/* Begin PBXFileSystemSynchronizedRootGroup section */
		11F585DF2E870F5D00084AEC /* papyrus */ = {
			isa = PBXFileSystemSynchronizedRootGroup;
			exceptions = (
				11F5860C2E87127A00084AEC /* Exceptions for "papyrus" folder in "papyrus" target */,
			);
			path = papyrus;
			sourceTree = "<group>";
		};
		11F585F12E870F5F00084AEC /* papyrusTests */ = {
			isa = PBXFileSystemSynchronizedRootGroup;
			path = papyrusTests;
			sourceTree = "<group>";
		};
		11F585FB2E870F5F00084AEC /* papyrusUITests */ = {
			isa = PBXFileSystemSynchronizedRootGroup;
			path = papyrusUITests;
			sourceTree = "<group>";
		};
/* End PBXFileSystemSynchronizedRootGroup section */

/* Begin PBXFrameworksBuildPhase section */
		11F585DA2E870F5C00084AEC /* Frameworks */ = {
			isa = PBXFrameworksBuildPhase;
			buildActionMask = 2147483647;
			files = (
				1142C6312E91B8AB0080C10C /* FirebaseCore in Frameworks */,
				11F5860F2E87130600084AEC /* Reader in Frameworks */,
				1142C6332E91B8AB0080C10C /* FirebaseFirestore in Frameworks */,
			);
			runOnlyForDeploymentPostprocessing = 0;
		};
		11F585EB2E870F5F00084AEC /* Frameworks */ = {
			isa = PBXFrameworksBuildPhase;
			buildActionMask = 2147483647;
			files = (
			);
			runOnlyForDeploymentPostprocessing = 0;
		};
		11F585F52E870F5F00084AEC /* Frameworks */ = {
			isa = PBXFrameworksBuildPhase;
			buildActionMask = 2147483647;
			files = (
			);
			runOnlyForDeploymentPostprocessing = 0;
		};
/* End PBXFrameworksBuildPhase section */

/* Begin PBXGroup section */
		11F585D42E870F5C00084AEC = {
			isa = PBXGroup;
			children = (
				11A977882E906878009AC729 /* papyrusTestplan.xctestplan */,
				11F585DF2E870F5D00084AEC /* papyrus */,
				11F585F12E870F5F00084AEC /* papyrusTests */,
				11F585FB2E870F5F00084AEC /* papyrusUITests */,
				11F5860D2E87130500084AEC /* Frameworks */,
				11F585DE2E870F5D00084AEC /* Products */,
			);
			sourceTree = "<group>";
		};
		11F585DE2E870F5D00084AEC /* Products */ = {
			isa = PBXGroup;
			children = (
				11F585DD2E870F5D00084AEC /* papyrus.app */,
				11F585EE2E870F5F00084AEC /* papyrusTests.xctest */,
				11F585F82E870F5F00084AEC /* papyrusUITests.xctest */,
			);
			name = Products;
			sourceTree = "<group>";
		};
		11F5860D2E87130500084AEC /* Frameworks */ = {
			isa = PBXGroup;
			children = (
			);
			name = Frameworks;
			sourceTree = "<group>";
		};
/* End PBXGroup section */

/* Begin PBXNativeTarget section */
		11F585DC2E870F5C00084AEC /* papyrus */ = {
			isa = PBXNativeTarget;
			buildConfigurationList = 11F586022E870F5F00084AEC /* Build configuration list for PBXNativeTarget "papyrus" */;
			buildPhases = (
				11F585D92E870F5C00084AEC /* Sources */,
				11F585DA2E870F5C00084AEC /* Frameworks */,
				11F585DB2E870F5C00084AEC /* Resources */,
			);
			buildRules = (
			);
			dependencies = (
			);
			fileSystemSynchronizedGroups = (
				11F585DF2E870F5D00084AEC /* papyrus */,
			);
			name = papyrus;
			packageProductDependencies = (
				11F5860E2E87130600084AEC /* Reader */,
				1142C6302E91B8AB0080C10C /* FirebaseCore */,
				1142C6322E91B8AB0080C10C /* FirebaseFirestore */,
			);
			productName = papyrus;
			productReference = 11F585DD2E870F5D00084AEC /* papyrus.app */;
			productType = "com.apple.product-type.application";
		};
		11F585ED2E870F5F00084AEC /* papyrusTests */ = {
			isa = PBXNativeTarget;
			buildConfigurationList = 11F586052E870F5F00084AEC /* Build configuration list for PBXNativeTarget "papyrusTests" */;
			buildPhases = (
				11F585EA2E870F5F00084AEC /* Sources */,
				11F585EB2E870F5F00084AEC /* Frameworks */,
				11F585EC2E870F5F00084AEC /* Resources */,
			);
			buildRules = (
			);
			dependencies = (
				11F585F02E870F5F00084AEC /* PBXTargetDependency */,
			);
			fileSystemSynchronizedGroups = (
				11F585F12E870F5F00084AEC /* papyrusTests */,
			);
			name = papyrusTests;
			packageProductDependencies = (
			);
			productName = papyrusTests;
			productReference = 11F585EE2E870F5F00084AEC /* papyrusTests.xctest */;
			productType = "com.apple.product-type.bundle.unit-test";
		};
		11F585F72E870F5F00084AEC /* papyrusUITests */ = {
			isa = PBXNativeTarget;
			buildConfigurationList = 11F586082E870F5F00084AEC /* Build configuration list for PBXNativeTarget "papyrusUITests" */;
			buildPhases = (
				11F585F42E870F5F00084AEC /* Sources */,
				11F585F52E870F5F00084AEC /* Frameworks */,
				11F585F62E870F5F00084AEC /* Resources */,
			);
			buildRules = (
			);
			dependencies = (
				11F585FA2E870F5F00084AEC /* PBXTargetDependency */,
			);
			fileSystemSynchronizedGroups = (
				11F585FB2E870F5F00084AEC /* papyrusUITests */,
			);
			name = papyrusUITests;
			packageProductDependencies = (
			);
			productName = papyrusUITests;
			productReference = 11F585F82E870F5F00084AEC /* papyrusUITests.xctest */;
			productType = "com.apple.product-type.bundle.ui-testing";
		};
/* End PBXNativeTarget section */

/* Begin PBXProject section */
		11F585D52E870F5C00084AEC /* Project object */ = {
			isa = PBXProject;
			attributes = {
				BuildIndependentTargetsInParallel = 1;
				LastSwiftUpdateCheck = 1620;
				LastUpgradeCheck = 1620;
				TargetAttributes = {
					11F585DC2E870F5C00084AEC = {
						CreatedOnToolsVersion = 16.2;
					};
					11F585ED2E870F5F00084AEC = {
						CreatedOnToolsVersion = 16.2;
						TestTargetID = 11F585DC2E870F5C00084AEC;
					};
					11F585F72E870F5F00084AEC = {
						CreatedOnToolsVersion = 16.2;
						TestTargetID = 11F585DC2E870F5C00084AEC;
					};
				};
			};
			buildConfigurationList = 11F585D82E870F5C00084AEC /* Build configuration list for PBXProject "papyrus" */;
			developmentRegion = en;
			hasScannedForEncodings = 0;
			knownRegions = (
				en,
				Base,
			);
			mainGroup = 11F585D42E870F5C00084AEC;
			minimizedProjectReferenceProxies = 1;
			packageReferences = (
				1142C62F2E91B8AB0080C10C /* XCRemoteSwiftPackageReference "firebase-ios-sdk" */,
			);
			preferredProjectObjectVersion = 77;
			productRefGroup = 11F585DE2E870F5D00084AEC /* Products */;
			projectDirPath = "";
			projectRoot = "";
			targets = (
				11F585DC2E870F5C00084AEC /* papyrus */,
				11F585ED2E870F5F00084AEC /* papyrusTests */,
				11F585F72E870F5F00084AEC /* papyrusUITests */,
			);
		};
/* End PBXProject section */

/* Begin PBXResourcesBuildPhase section */
		11F585DB2E870F5C00084AEC /* Resources */ = {
			isa = PBXResourcesBuildPhase;
			buildActionMask = 2147483647;
			files = (
				11A977892E906878009AC729 /* papyrusTestplan.xctestplan in Resources */,
			);
			runOnlyForDeploymentPostprocessing = 0;
		};
		11F585EC2E870F5F00084AEC /* Resources */ = {
			isa = PBXResourcesBuildPhase;
			buildActionMask = 2147483647;
			files = (
			);
			runOnlyForDeploymentPostprocessing = 0;
		};
		11F585F62E870F5F00084AEC /* Resources */ = {
			isa = PBXResourcesBuildPhase;
			buildActionMask = 2147483647;
			files = (
			);
			runOnlyForDeploymentPostprocessing = 0;
		};
/* End PBXResourcesBuildPhase section */

/* Begin PBXSourcesBuildPhase section */
		11F585D92E870F5C00084AEC /* Sources */ = {
			isa = PBXSourcesBuildPhase;
			buildActionMask = 2147483647;
			files = (
			);
			runOnlyForDeploymentPostprocessing = 0;
		};
		11F585EA2E870F5F00084AEC /* Sources */ = {
			isa = PBXSourcesBuildPhase;
			buildActionMask = 2147483647;
			files = (
			);
			runOnlyForDeploymentPostprocessing = 0;
		};
		11F585F42E870F5F00084AEC /* Sources */ = {
			isa = PBXSourcesBuildPhase;
			buildActionMask = 2147483647;
			files = (
			);
			runOnlyForDeploymentPostprocessing = 0;
		};
/* End PBXSourcesBuildPhase section */

/* Begin PBXTargetDependency section */
		11F585F02E870F5F00084AEC /* PBXTargetDependency */ = {
			isa = PBXTargetDependency;
			target = 11F585DC2E870F5C00084AEC /* papyrus */;
			targetProxy = 11F585EF2E870F5F00084AEC /* PBXContainerItemProxy */;
		};
		11F585FA2E870F5F00084AEC /* PBXTargetDependency */ = {
			isa = PBXTargetDependency;
			target = 11F585DC2E870F5C00084AEC /* papyrus */;
			targetProxy = 11F585F92E870F5F00084AEC /* PBXContainerItemProxy */;
		};
/* End PBXTargetDependency section */

/* Begin XCBuildConfiguration section */
		11F586002E870F5F00084AEC /* Debug */ = {
			isa = XCBuildConfiguration;
			buildSettings = {
				ALWAYS_SEARCH_USER_PATHS = NO;
				ASSETCATALOG_COMPILER_GENERATE_SWIFT_ASSET_SYMBOL_EXTENSIONS = YES;
				CLANG_ANALYZER_NONNULL = YES;
				CLANG_ANALYZER_NUMBER_OBJECT_CONVERSION = YES_AGGRESSIVE;
				CLANG_CXX_LANGUAGE_STANDARD = "gnu++20";
				CLANG_ENABLE_MODULES = YES;
				CLANG_ENABLE_OBJC_ARC = YES;
				CLANG_ENABLE_OBJC_WEAK = YES;
				CLANG_WARN_BLOCK_CAPTURE_AUTORELEASING = YES;
				CLANG_WARN_BOOL_CONVERSION = YES;
				CLANG_WARN_COMMA = YES;
				CLANG_WARN_CONSTANT_CONVERSION = YES;
				CLANG_WARN_DEPRECATED_OBJC_IMPLEMENTATIONS = YES;
				CLANG_WARN_DIRECT_OBJC_ISA_USAGE = YES_ERROR;
				CLANG_WARN_DOCUMENTATION_COMMENTS = YES;
				CLANG_WARN_EMPTY_BODY = YES;
				CLANG_WARN_ENUM_CONVERSION = YES;
				CLANG_WARN_INFINITE_RECURSION = YES;
				CLANG_WARN_INT_CONVERSION = YES;
				CLANG_WARN_NON_LITERAL_NULL_CONVERSION = YES;
				CLANG_WARN_OBJC_IMPLICIT_RETAIN_SELF = YES;
				CLANG_WARN_OBJC_LITERAL_CONVERSION = YES;
				CLANG_WARN_OBJC_ROOT_CLASS = YES_ERROR;
				CLANG_WARN_QUOTED_INCLUDE_IN_FRAMEWORK_HEADER = YES;
				CLANG_WARN_RANGE_LOOP_ANALYSIS = YES;
				CLANG_WARN_STRICT_PROTOTYPES = YES;
				CLANG_WARN_SUSPICIOUS_MOVE = YES;
				CLANG_WARN_UNGUARDED_AVAILABILITY = YES_AGGRESSIVE;
				CLANG_WARN_UNREACHABLE_CODE = YES;
				CLANG_WARN__DUPLICATE_METHOD_MATCH = YES;
				COPY_PHASE_STRIP = NO;
				DEBUG_INFORMATION_FORMAT = dwarf;
				ENABLE_STRICT_OBJC_MSGSEND = YES;
				ENABLE_TESTABILITY = YES;
				ENABLE_USER_SCRIPT_SANDBOXING = YES;
				GCC_C_LANGUAGE_STANDARD = gnu17;
				GCC_DYNAMIC_NO_PIC = NO;
				GCC_NO_COMMON_BLOCKS = YES;
				GCC_OPTIMIZATION_LEVEL = 0;
				GCC_PREPROCESSOR_DEFINITIONS = (
					"DEBUG=1",
					"$(inherited)",
				);
				GCC_WARN_64_TO_32_BIT_CONVERSION = YES;
				GCC_WARN_ABOUT_RETURN_TYPE = YES_ERROR;
				GCC_WARN_UNDECLARED_SELECTOR = YES;
				GCC_WARN_UNINITIALIZED_AUTOS = YES_AGGRESSIVE;
				GCC_WARN_UNUSED_FUNCTION = YES;
				GCC_WARN_UNUSED_VARIABLE = YES;
				LOCALIZATION_PREFERS_STRING_CATALOGS = YES;
				MTL_ENABLE_DEBUG_INFO = INCLUDE_SOURCE;
				MTL_FAST_MATH = YES;
				ONLY_ACTIVE_ARCH = YES;
				SWIFT_ACTIVE_COMPILATION_CONDITIONS = "DEBUG $(inherited)";
				SWIFT_OPTIMIZATION_LEVEL = "-Onone";
			};
			name = Debug;
		};
		11F586012E870F5F00084AEC /* Release */ = {
			isa = XCBuildConfiguration;
			buildSettings = {
				ALWAYS_SEARCH_USER_PATHS = NO;
				ASSETCATALOG_COMPILER_GENERATE_SWIFT_ASSET_SYMBOL_EXTENSIONS = YES;
				CLANG_ANALYZER_NONNULL = YES;
				CLANG_ANALYZER_NUMBER_OBJECT_CONVERSION = YES_AGGRESSIVE;
				CLANG_CXX_LANGUAGE_STANDARD = "gnu++20";
				CLANG_ENABLE_MODULES = YES;
				CLANG_ENABLE_OBJC_ARC = YES;
				CLANG_ENABLE_OBJC_WEAK = YES;
				CLANG_WARN_BLOCK_CAPTURE_AUTORELEASING = YES;
				CLANG_WARN_BOOL_CONVERSION = YES;
				CLANG_WARN_COMMA = YES;
				CLANG_WARN_CONSTANT_CONVERSION = YES;
				CLANG_WARN_DEPRECATED_OBJC_IMPLEMENTATIONS = YES;
				CLANG_WARN_DIRECT_OBJC_ISA_USAGE = YES_ERROR;
				CLANG_WARN_DOCUMENTATION_COMMENTS = YES;
				CLANG_WARN_EMPTY_BODY = YES;
				CLANG_WARN_ENUM_CONVERSION = YES;
				CLANG_WARN_INFINITE_RECURSION = YES;
				CLANG_WARN_INT_CONVERSION = YES;
				CLANG_WARN_NON_LITERAL_NULL_CONVERSION = YES;
				CLANG_WARN_OBJC_IMPLICIT_RETAIN_SELF = YES;
				CLANG_WARN_OBJC_LITERAL_CONVERSION = YES;
				CLANG_WARN_OBJC_ROOT_CLASS = YES_ERROR;
				CLANG_WARN_QUOTED_INCLUDE_IN_FRAMEWORK_HEADER = YES;
				CLANG_WARN_RANGE_LOOP_ANALYSIS = YES;
				CLANG_WARN_STRICT_PROTOTYPES = YES;
				CLANG_WARN_SUSPICIOUS_MOVE = YES;
				CLANG_WARN_UNGUARDED_AVAILABILITY = YES_AGGRESSIVE;
				CLANG_WARN_UNREACHABLE_CODE = YES;
				CLANG_WARN__DUPLICATE_METHOD_MATCH = YES;
				COPY_PHASE_STRIP = NO;
				DEBUG_INFORMATION_FORMAT = "dwarf-with-dsym";
				ENABLE_NS_ASSERTIONS = NO;
				ENABLE_STRICT_OBJC_MSGSEND = YES;
				ENABLE_USER_SCRIPT_SANDBOXING = YES;
				GCC_C_LANGUAGE_STANDARD = gnu17;
				GCC_NO_COMMON_BLOCKS = YES;
				GCC_WARN_64_TO_32_BIT_CONVERSION = YES;
				GCC_WARN_ABOUT_RETURN_TYPE = YES_ERROR;
				GCC_WARN_UNDECLARED_SELECTOR = YES;
				GCC_WARN_UNINITIALIZED_AUTOS = YES_AGGRESSIVE;
				GCC_WARN_UNUSED_FUNCTION = YES;
				GCC_WARN_UNUSED_VARIABLE = YES;
				LOCALIZATION_PREFERS_STRING_CATALOGS = YES;
				MTL_ENABLE_DEBUG_INFO = NO;
				MTL_FAST_MATH = YES;
				SWIFT_COMPILATION_MODE = wholemodule;
			};
			name = Release;
		};
		11F586032E870F5F00084AEC /* Debug */ = {
			isa = XCBuildConfiguration;
			buildSettings = {
				ASSETCATALOG_COMPILER_APPICON_NAME = AppIcon;
				ASSETCATALOG_COMPILER_GLOBAL_ACCENT_COLOR_NAME = AccentColor;
				CODE_SIGN_ENTITLEMENTS = papyrus/papyrus.entitlements;
				CODE_SIGN_STYLE = Automatic;
				CURRENT_PROJECT_VERSION = 4;
				DEVELOPMENT_ASSET_PATHS = "\"papyrus/Preview Content\"";
				DEVELOPMENT_TEAM = NGW7S9DH6U;
				ENABLE_HARDENED_RUNTIME = YES;
				ENABLE_PREVIEWS = YES;
				GENERATE_INFOPLIST_FILE = YES;
				INFOPLIST_KEY_CFBundleDisplayName = papyrus;
				INFOPLIST_KEY_LSApplicationCategoryType = "public.app-category.books";
				"INFOPLIST_KEY_UIApplicationSceneManifest_Generation[sdk=iphoneos*]" = YES;
				"INFOPLIST_KEY_UIApplicationSceneManifest_Generation[sdk=iphonesimulator*]" = YES;
				"INFOPLIST_KEY_UIApplicationSupportsIndirectInputEvents[sdk=iphoneos*]" = YES;
				"INFOPLIST_KEY_UIApplicationSupportsIndirectInputEvents[sdk=iphonesimulator*]" = YES;
				"INFOPLIST_KEY_UILaunchScreen_Generation[sdk=iphoneos*]" = YES;
				"INFOPLIST_KEY_UILaunchScreen_Generation[sdk=iphonesimulator*]" = YES;
				"INFOPLIST_KEY_UIStatusBarStyle[sdk=iphoneos*]" = UIStatusBarStyleDefault;
				"INFOPLIST_KEY_UIStatusBarStyle[sdk=iphonesimulator*]" = UIStatusBarStyleDefault;
				INFOPLIST_KEY_UISupportedInterfaceOrientations = "UIInterfaceOrientationPortrait UIInterfaceOrientationPortraitUpsideDown";
				IPHONEOS_DEPLOYMENT_TARGET = 18.2;
				LD_RUNPATH_SEARCH_PATHS = "@executable_path/Frameworks";
				"LD_RUNPATH_SEARCH_PATHS[sdk=macosx*]" = "@executable_path/../Frameworks";
				MACOSX_DEPLOYMENT_TARGET = 15.2;
				MARKETING_VERSION = 1.0;
				PRODUCT_BUNDLE_IDENTIFIER = com.smileydude.papyrus;
				PRODUCT_NAME = "$(TARGET_NAME)";
				SDKROOT = auto;
				SUPPORTED_PLATFORMS = "iphoneos iphonesimulator macosx xros xrsimulator";
				SUPPORTS_MACCATALYST = NO;
				SWIFT_EMIT_LOC_STRINGS = YES;
				SWIFT_VERSION = 5.0;
				TARGETED_DEVICE_FAMILY = "1,7";
				XROS_DEPLOYMENT_TARGET = 2.2;
			};
			name = Debug;
		};
		11F586042E870F5F00084AEC /* Release */ = {
			isa = XCBuildConfiguration;
			buildSettings = {
				ASSETCATALOG_COMPILER_APPICON_NAME = AppIcon;
				ASSETCATALOG_COMPILER_GLOBAL_ACCENT_COLOR_NAME = AccentColor;
				CODE_SIGN_ENTITLEMENTS = papyrus/papyrus.entitlements;
				CODE_SIGN_STYLE = Automatic;
				CURRENT_PROJECT_VERSION = 4;
				DEVELOPMENT_ASSET_PATHS = "\"papyrus/Preview Content\"";
				DEVELOPMENT_TEAM = NGW7S9DH6U;
				ENABLE_HARDENED_RUNTIME = YES;
				ENABLE_PREVIEWS = YES;
				GENERATE_INFOPLIST_FILE = YES;
				INFOPLIST_KEY_CFBundleDisplayName = papyrus;
				INFOPLIST_KEY_LSApplicationCategoryType = "public.app-category.books";
				"INFOPLIST_KEY_UIApplicationSceneManifest_Generation[sdk=iphoneos*]" = YES;
				"INFOPLIST_KEY_UIApplicationSceneManifest_Generation[sdk=iphonesimulator*]" = YES;
				"INFOPLIST_KEY_UIApplicationSupportsIndirectInputEvents[sdk=iphoneos*]" = YES;
				"INFOPLIST_KEY_UIApplicationSupportsIndirectInputEvents[sdk=iphonesimulator*]" = YES;
				"INFOPLIST_KEY_UILaunchScreen_Generation[sdk=iphoneos*]" = YES;
				"INFOPLIST_KEY_UILaunchScreen_Generation[sdk=iphonesimulator*]" = YES;
				"INFOPLIST_KEY_UIStatusBarStyle[sdk=iphoneos*]" = UIStatusBarStyleDefault;
				"INFOPLIST_KEY_UIStatusBarStyle[sdk=iphonesimulator*]" = UIStatusBarStyleDefault;
				INFOPLIST_KEY_UISupportedInterfaceOrientations = "UIInterfaceOrientationPortrait UIInterfaceOrientationPortraitUpsideDown";
				IPHONEOS_DEPLOYMENT_TARGET = 18.2;
				LD_RUNPATH_SEARCH_PATHS = "@executable_path/Frameworks";
				"LD_RUNPATH_SEARCH_PATHS[sdk=macosx*]" = "@executable_path/../Frameworks";
				MACOSX_DEPLOYMENT_TARGET = 15.2;
				MARKETING_VERSION = 1.0;
				PRODUCT_BUNDLE_IDENTIFIER = com.smileydude.papyrus;
				PRODUCT_NAME = "$(TARGET_NAME)";
				SDKROOT = auto;
				SUPPORTED_PLATFORMS = "iphoneos iphonesimulator macosx xros xrsimulator";
				SUPPORTS_MACCATALYST = NO;
				SWIFT_EMIT_LOC_STRINGS = YES;
				SWIFT_VERSION = 5.0;
				TARGETED_DEVICE_FAMILY = "1,7";
				XROS_DEPLOYMENT_TARGET = 2.2;
			};
			name = Release;
		};
		11F586062E870F5F00084AEC /* Debug */ = {
			isa = XCBuildConfiguration;
			buildSettings = {
				BUNDLE_LOADER = "$(TEST_HOST)";
				CODE_SIGN_STYLE = Automatic;
				CURRENT_PROJECT_VERSION = 1;
				DEVELOPMENT_TEAM = NGW7S9DH6U;
				GENERATE_INFOPLIST_FILE = YES;
				IPHONEOS_DEPLOYMENT_TARGET = 18.2;
				MACOSX_DEPLOYMENT_TARGET = 15.2;
				MARKETING_VERSION = 1.0;
				PRODUCT_BUNDLE_IDENTIFIER = com.smileydude.papyrusTests;
				PRODUCT_NAME = "$(TARGET_NAME)";
				SDKROOT = auto;
				SUPPORTED_PLATFORMS = "iphoneos iphonesimulator macosx xros xrsimulator";
				SWIFT_EMIT_LOC_STRINGS = NO;
				SWIFT_VERSION = 5.0;
				TARGETED_DEVICE_FAMILY = "1,2,7";
				TEST_HOST = "$(BUILT_PRODUCTS_DIR)/papyrus.app/$(BUNDLE_EXECUTABLE_FOLDER_PATH)/papyrus";
				XROS_DEPLOYMENT_TARGET = 2.2;
			};
			name = Debug;
		};
		11F586072E870F5F00084AEC /* Release */ = {
			isa = XCBuildConfiguration;
			buildSettings = {
				BUNDLE_LOADER = "$(TEST_HOST)";
				CODE_SIGN_STYLE = Automatic;
				CURRENT_PROJECT_VERSION = 1;
				DEVELOPMENT_TEAM = NGW7S9DH6U;
				GENERATE_INFOPLIST_FILE = YES;
				IPHONEOS_DEPLOYMENT_TARGET = 18.2;
				MACOSX_DEPLOYMENT_TARGET = 15.2;
				MARKETING_VERSION = 1.0;
				PRODUCT_BUNDLE_IDENTIFIER = com.smileydude.papyrusTests;
				PRODUCT_NAME = "$(TARGET_NAME)";
				SDKROOT = auto;
				SUPPORTED_PLATFORMS = "iphoneos iphonesimulator macosx xros xrsimulator";
				SWIFT_EMIT_LOC_STRINGS = NO;
				SWIFT_VERSION = 5.0;
				TARGETED_DEVICE_FAMILY = "1,2,7";
				TEST_HOST = "$(BUILT_PRODUCTS_DIR)/papyrus.app/$(BUNDLE_EXECUTABLE_FOLDER_PATH)/papyrus";
				XROS_DEPLOYMENT_TARGET = 2.2;
			};
			name = Release;
		};
		11F586092E870F5F00084AEC /* Debug */ = {
			isa = XCBuildConfiguration;
			buildSettings = {
				CODE_SIGN_STYLE = Automatic;
				CURRENT_PROJECT_VERSION = 1;
				DEVELOPMENT_TEAM = NGW7S9DH6U;
				GENERATE_INFOPLIST_FILE = YES;
				IPHONEOS_DEPLOYMENT_TARGET = 18.2;
				MACOSX_DEPLOYMENT_TARGET = 15.2;
				MARKETING_VERSION = 1.0;
				PRODUCT_BUNDLE_IDENTIFIER = com.smileydude.papyrusUITests;
				PRODUCT_NAME = "$(TARGET_NAME)";
				SDKROOT = auto;
				SUPPORTED_PLATFORMS = "iphoneos iphonesimulator macosx xros xrsimulator";
				SWIFT_EMIT_LOC_STRINGS = NO;
				SWIFT_VERSION = 5.0;
				TARGETED_DEVICE_FAMILY = "1,2,7";
				TEST_TARGET_NAME = papyrus;
				XROS_DEPLOYMENT_TARGET = 2.2;
			};
			name = Debug;
		};
		11F5860A2E870F5F00084AEC /* Release */ = {
			isa = XCBuildConfiguration;
			buildSettings = {
				CODE_SIGN_STYLE = Automatic;
				CURRENT_PROJECT_VERSION = 1;
				DEVELOPMENT_TEAM = NGW7S9DH6U;
				GENERATE_INFOPLIST_FILE = YES;
				IPHONEOS_DEPLOYMENT_TARGET = 18.2;
				MACOSX_DEPLOYMENT_TARGET = 15.2;
				MARKETING_VERSION = 1.0;
				PRODUCT_BUNDLE_IDENTIFIER = com.smileydude.papyrusUITests;
				PRODUCT_NAME = "$(TARGET_NAME)";
				SDKROOT = auto;
				SUPPORTED_PLATFORMS = "iphoneos iphonesimulator macosx xros xrsimulator";
				SWIFT_EMIT_LOC_STRINGS = NO;
				SWIFT_VERSION = 5.0;
				TARGETED_DEVICE_FAMILY = "1,2,7";
				TEST_TARGET_NAME = papyrus;
				XROS_DEPLOYMENT_TARGET = 2.2;
			};
			name = Release;
		};
/* End XCBuildConfiguration section */

/* Begin XCConfigurationList section */
		11F585D82E870F5C00084AEC /* Build configuration list for PBXProject "papyrus" */ = {
			isa = XCConfigurationList;
			buildConfigurations = (
				11F586002E870F5F00084AEC /* Debug */,
				11F586012E870F5F00084AEC /* Release */,
			);
			defaultConfigurationIsVisible = 0;
			defaultConfigurationName = Release;
		};
		11F586022E870F5F00084AEC /* Build configuration list for PBXNativeTarget "papyrus" */ = {
			isa = XCConfigurationList;
			buildConfigurations = (
				11F586032E870F5F00084AEC /* Debug */,
				11F586042E870F5F00084AEC /* Release */,
			);
			defaultConfigurationIsVisible = 0;
			defaultConfigurationName = Release;
		};
		11F586052E870F5F00084AEC /* Build configuration list for PBXNativeTarget "papyrusTests" */ = {
			isa = XCConfigurationList;
			buildConfigurations = (
				11F586062E870F5F00084AEC /* Debug */,
				11F586072E870F5F00084AEC /* Release */,
			);
			defaultConfigurationIsVisible = 0;
			defaultConfigurationName = Release;
		};
		11F586082E870F5F00084AEC /* Build configuration list for PBXNativeTarget "papyrusUITests" */ = {
			isa = XCConfigurationList;
			buildConfigurations = (
				11F586092E870F5F00084AEC /* Debug */,
				11F5860A2E870F5F00084AEC /* Release */,
			);
			defaultConfigurationIsVisible = 0;
			defaultConfigurationName = Release;
		};
/* End XCConfigurationList section */

/* Begin XCRemoteSwiftPackageReference section */
		1142C62F2E91B8AB0080C10C /* XCRemoteSwiftPackageReference "firebase-ios-sdk" */ = {
			isa = XCRemoteSwiftPackageReference;
			repositoryURL = "https://github.com/firebase/firebase-ios-sdk";
			requirement = {
				kind = upToNextMajorVersion;
				minimumVersion = 12.3.0;
			};
		};
/* End XCRemoteSwiftPackageReference section */

/* Begin XCSwiftPackageProductDependency section */
		1142C6302E91B8AB0080C10C /* FirebaseCore */ = {
			isa = XCSwiftPackageProductDependency;
			package = 1142C62F2E91B8AB0080C10C /* XCRemoteSwiftPackageReference "firebase-ios-sdk" */;
			productName = FirebaseCore;
		};
		1142C6322E91B8AB0080C10C /* FirebaseFirestore */ = {
			isa = XCSwiftPackageProductDependency;
			package = 1142C62F2E91B8AB0080C10C /* XCRemoteSwiftPackageReference "firebase-ios-sdk" */;
			productName = FirebaseFirestore;
		};
		11F5860E2E87130600084AEC /* Reader */ = {
			isa = XCSwiftPackageProductDependency;
			productName = Reader;
		};
/* End XCSwiftPackageProductDependency section */
	};
	rootObject = 11F585D52E870F5C00084AEC /* Project object */;
}
